// !$*UTF8*$!
{
	archiveVersion = 1;
	classes = {
	};
	objectVersion = 50;
	objects = {

/* Begin PBXBuildFile section */
		8BD7AFAC21857B4200826559 /* AppDelegate.m in Sources */ = {isa = PBXBuildFile; fileRef = 8BD7AFAB21857B4200826559 /* AppDelegate.m */; };
		8BD7AFAF21857B4200826559 /* ViewController.m in Sources */ = {isa = PBXBuildFile; fileRef = 8BD7AFAE21857B4200826559 /* ViewController.m */; };
		8BD7AFB221857B4200826559 /* Main.storyboard in Resources */ = {isa = PBXBuildFile; fileRef = 8BD7AFB021857B4200826559 /* Main.storyboard */; };
		8BD7AFB421857B4300826559 /* Assets.xcassets in Resources */ = {isa = PBXBuildFile; fileRef = 8BD7AFB321857B4300826559 /* Assets.xcassets */; };
		8BD7AFB721857B4300826559 /* LaunchScreen.storyboard in Resources */ = {isa = PBXBuildFile; fileRef = 8BD7AFB521857B4300826559 /* LaunchScreen.storyboard */; };
		8BD7AFBA21857B4300826559 /* main.m in Sources */ = {isa = PBXBuildFile; fileRef = 8BD7AFB921857B4300826559 /* main.m */; };
		8BD7AFC321857BF900826559 /* UITableView+SPCacheHeight.m in Sources */ = {isa = PBXBuildFile; fileRef = 8BD7AFC221857BF900826559 /* UITableView+SPCacheHeight.m */; };
		8BD7AFC62185820C00826559 /* UITableViewCell+SPMasonryAutoCellHeight.m in Sources */ = {isa = PBXBuildFile; fileRef = 8BD7AFC52185820C00826559 /* UITableViewCell+SPMasonryAutoCellHeight.m */; };
		8BD7AFCF21858EBE00826559 /* SPNewsModel.m in Sources */ = {isa = PBXBuildFile; fileRef = 8BD7AFCE21858EBE00826559 /* SPNewsModel.m */; };
		8BD7AFD221858F1C00826559 /* SPNewsCell.m in Sources */ = {isa = PBXBuildFile; fileRef = 8BD7AFD121858F1C00826559 /* SPNewsCell.m */; };
		A7221E31A9B5BF9CDD42EC10 /* libPods-SPMasonryAutoCellHeight.a in Frameworks */ = {isa = PBXBuildFile; fileRef = 78BFFA72BFB04B7CD4EFDCCD /* libPods-SPMasonryAutoCellHeight.a */; };
/* End PBXBuildFile section */

/* Begin PBXFileReference section */
		78BFFA72BFB04B7CD4EFDCCD /* libPods-SPMasonryAutoCellHeight.a */ = {isa = PBXFileReference; explicitFileType = archive.ar; includeInIndex = 0; path = "libPods-SPMasonryAutoCellHeight.a"; sourceTree = BUILT_PRODUCTS_DIR; };
		8BD7AFA721857B4200826559 /* SPMasonryAutoCellHeight.app */ = {isa = PBXFileReference; explicitFileType = wrapper.application; includeInIndex = 0; path = SPMasonryAutoCellHeight.app; sourceTree = BUILT_PRODUCTS_DIR; };
		8BD7AFAA21857B4200826559 /* AppDelegate.h */ = {isa = PBXFileReference; lastKnownFileType = sourcecode.c.h; path = AppDelegate.h; sourceTree = "<group>"; };
		8BD7AFAB21857B4200826559 /* AppDelegate.m */ = {isa = PBXFileReference; lastKnownFileType = sourcecode.c.objc; path = AppDelegate.m; sourceTree = "<group>"; };
		8BD7AFAD21857B4200826559 /* ViewController.h */ = {isa = PBXFileReference; lastKnownFileType = sourcecode.c.h; path = ViewController.h; sourceTree = "<group>"; };
		8BD7AFAE21857B4200826559 /* ViewController.m */ = {isa = PBXFileReference; lastKnownFileType = sourcecode.c.objc; path = ViewController.m; sourceTree = "<group>"; };
		8BD7AFB121857B4200826559 /* Base */ = {isa = PBXFileReference; lastKnownFileType = file.storyboard; name = Base; path = Base.lproj/Main.storyboard; sourceTree = "<group>"; };
		8BD7AFB321857B4300826559 /* Assets.xcassets */ = {isa = PBXFileReference; lastKnownFileType = folder.assetcatalog; path = Assets.xcassets; sourceTree = "<group>"; };
		8BD7AFB621857B4300826559 /* Base */ = {isa = PBXFileReference; lastKnownFileType = file.storyboard; name = Base; path = Base.lproj/LaunchScreen.storyboard; sourceTree = "<group>"; };
		8BD7AFB821857B4300826559 /* Info.plist */ = {isa = PBXFileReference; lastKnownFileType = text.plist.xml; path = Info.plist; sourceTree = "<group>"; };
		8BD7AFB921857B4300826559 /* main.m */ = {isa = PBXFileReference; lastKnownFileType = sourcecode.c.objc; path = main.m; sourceTree = "<group>"; };
		8BD7AFC121857BF900826559 /* UITableView+SPCacheHeight.h */ = {isa = PBXFileReference; lastKnownFileType = sourcecode.c.h; path = "UITableView+SPCacheHeight.h"; sourceTree = "<group>"; };
		8BD7AFC221857BF900826559 /* UITableView+SPCacheHeight.m */ = {isa = PBXFileReference; lastKnownFileType = sourcecode.c.objc; path = "UITableView+SPCacheHeight.m"; sourceTree = "<group>"; };
		8BD7AFC42185820C00826559 /* UITableViewCell+SPMasonryAutoCellHeight.h */ = {isa = PBXFileReference; lastKnownFileType = sourcecode.c.h; path = "UITableViewCell+SPMasonryAutoCellHeight.h"; sourceTree = "<group>"; };
		8BD7AFC52185820C00826559 /* UITableViewCell+SPMasonryAutoCellHeight.m */ = {isa = PBXFileReference; lastKnownFileType = sourcecode.c.objc; path = "UITableViewCell+SPMasonryAutoCellHeight.m"; sourceTree = "<group>"; };
		8BD7AFCD21858EBE00826559 /* SPNewsModel.h */ = {isa = PBXFileReference; lastKnownFileType = sourcecode.c.h; path = SPNewsModel.h; sourceTree = "<group>"; };
		8BD7AFCE21858EBE00826559 /* SPNewsModel.m */ = {isa = PBXFileReference; lastKnownFileType = sourcecode.c.objc; path = SPNewsModel.m; sourceTree = "<group>"; };
		8BD7AFD021858F1C00826559 /* SPNewsCell.h */ = {isa = PBXFileReference; lastKnownFileType = sourcecode.c.h; path = SPNewsCell.h; sourceTree = "<group>"; };
		8BD7AFD121858F1C00826559 /* SPNewsCell.m */ = {isa = PBXFileReference; lastKnownFileType = sourcecode.c.objc; path = SPNewsCell.m; sourceTree = "<group>"; };
		D8F697F7D1AC4CB57CD14CAD /* Pods-SPMasonryAutoCellHeight.debug.xcconfig */ = {isa = PBXFileReference; includeInIndex = 1; lastKnownFileType = text.xcconfig; name = "Pods-SPMasonryAutoCellHeight.debug.xcconfig"; path = "Pods/Target Support Files/Pods-SPMasonryAutoCellHeight/Pods-SPMasonryAutoCellHeight.debug.xcconfig"; sourceTree = "<group>"; };
		E19B29D3AA70F3AADC7F5206 /* Pods-SPMasonryAutoCellHeight.release.xcconfig */ = {isa = PBXFileReference; includeInIndex = 1; lastKnownFileType = text.xcconfig; name = "Pods-SPMasonryAutoCellHeight.release.xcconfig"; path = "Pods/Target Support Files/Pods-SPMasonryAutoCellHeight/Pods-SPMasonryAutoCellHeight.release.xcconfig"; sourceTree = "<group>"; };
/* End PBXFileReference section */

/* Begin PBXFrameworksBuildPhase section */
		8BD7AFA421857B4200826559 /* Frameworks */ = {
			isa = PBXFrameworksBuildPhase;
			buildActionMask = 2147483647;
			files = (
				A7221E31A9B5BF9CDD42EC10 /* libPods-SPMasonryAutoCellHeight.a in Frameworks */,
			);
			runOnlyForDeploymentPostprocessing = 0;
		};
/* End PBXFrameworksBuildPhase section */

/* Begin PBXGroup section */
		41324101EEA0652ABE5CDC9C /* Frameworks */ = {
			isa = PBXGroup;
			children = (
				78BFFA72BFB04B7CD4EFDCCD /* libPods-SPMasonryAutoCellHeight.a */,
			);
			name = Frameworks;
			sourceTree = "<group>";
		};
		8BD7AF9E21857B4200826559 = {
			isa = PBXGroup;
			children = (
				8BD7AFC021857BCA00826559 /* SPAutoCellHeigth */,
				8BD7AFA921857B4200826559 /* SPMasonryAutoCellHeight */,
				8BD7AFA821857B4200826559 /* Products */,
				90F4302FB70F9A71C27759CF /* Pods */,
				41324101EEA0652ABE5CDC9C /* Frameworks */,
			);
			sourceTree = "<group>";
		};
		8BD7AFA821857B4200826559 /* Products */ = {
			isa = PBXGroup;
			children = (
				8BD7AFA721857B4200826559 /* SPMasonryAutoCellHeight.app */,
			);
			name = Products;
			sourceTree = "<group>";
		};
		8BD7AFA921857B4200826559 /* SPMasonryAutoCellHeight */ = {
			isa = PBXGroup;
			children = (
				8BD7AFCD21858EBE00826559 /* SPNewsModel.h */,
				8BD7AFCE21858EBE00826559 /* SPNewsModel.m */,
				8BD7AFD021858F1C00826559 /* SPNewsCell.h */,
				8BD7AFD121858F1C00826559 /* SPNewsCell.m */,
				8BD7AFAA21857B4200826559 /* AppDelegate.h */,
				8BD7AFAB21857B4200826559 /* AppDelegate.m */,
				8BD7AFAD21857B4200826559 /* ViewController.h */,
				8BD7AFAE21857B4200826559 /* ViewController.m */,
				8BD7AFB021857B4200826559 /* Main.storyboard */,
				8BD7AFB321857B4300826559 /* Assets.xcassets */,
				8BD7AFB521857B4300826559 /* LaunchScreen.storyboard */,
				8BD7AFB821857B4300826559 /* Info.plist */,
				8BD7AFB921857B4300826559 /* main.m */,
			);
			path = SPMasonryAutoCellHeight;
			sourceTree = "<group>";
		};
		8BD7AFC021857BCA00826559 /* SPAutoCellHeigth */ = {
			isa = PBXGroup;
			children = (
				8BD7AFC121857BF900826559 /* UITableView+SPCacheHeight.h */,
				8BD7AFC221857BF900826559 /* UITableView+SPCacheHeight.m */,
				8BD7AFC42185820C00826559 /* UITableViewCell+SPMasonryAutoCellHeight.h */,
				8BD7AFC52185820C00826559 /* UITableViewCell+SPMasonryAutoCellHeight.m */,
			);
			path = SPAutoCellHeigth;
			sourceTree = "<group>";
		};
		90F4302FB70F9A71C27759CF /* Pods */ = {
			isa = PBXGroup;
			children = (
				D8F697F7D1AC4CB57CD14CAD /* Pods-SPMasonryAutoCellHeight.debug.xcconfig */,
				E19B29D3AA70F3AADC7F5206 /* Pods-SPMasonryAutoCellHeight.release.xcconfig */,
			);
			name = Pods;
			sourceTree = "<group>";
		};
/* End PBXGroup section */

/* Begin PBXNativeTarget section */
		8BD7AFA621857B4200826559 /* SPMasonryAutoCellHeight */ = {
			isa = PBXNativeTarget;
			buildConfigurationList = 8BD7AFBD21857B4300826559 /* Build configuration list for PBXNativeTarget "SPMasonryAutoCellHeight" */;
			buildPhases = (
				500F12FC2E9B53037DCC980B /* [CP] Check Pods Manifest.lock */,
				8BD7AFA321857B4200826559 /* Sources */,
				8BD7AFA421857B4200826559 /* Frameworks */,
				8BD7AFA521857B4200826559 /* Resources */,
			);
			buildRules = (
			);
			dependencies = (
			);
			name = SPMasonryAutoCellHeight;
			productName = SPMasonryAutoCellHeight;
			productReference = 8BD7AFA721857B4200826559 /* SPMasonryAutoCellHeight.app */;
			productType = "com.apple.product-type.application";
		};
/* End PBXNativeTarget section */

/* Begin PBXProject section */
		8BD7AF9F21857B4200826559 /* Project object */ = {
			isa = PBXProject;
			attributes = {
				LastUpgradeCheck = 1000;
				ORGANIZATIONNAME = "宋璞";
				TargetAttributes = {
					8BD7AFA621857B4200826559 = {
						CreatedOnToolsVersion = 10.0;
					};
				};
			};
			buildConfigurationList = 8BD7AFA221857B4200826559 /* Build configuration list for PBXProject "SPMasonryAutoCellHeight" */;
			compatibilityVersion = "Xcode 9.3";
			developmentRegion = en;
			hasScannedForEncodings = 0;
			knownRegions = (
				en,
				Base,
			);
			mainGroup = 8BD7AF9E21857B4200826559;
			productRefGroup = 8BD7AFA821857B4200826559 /* Products */;
			projectDirPath = "";
			projectRoot = "";
			targets = (
				8BD7AFA621857B4200826559 /* SPMasonryAutoCellHeight */,
			);
		};
/* End PBXProject section */

/* Begin PBXResourcesBuildPhase section */
		8BD7AFA521857B4200826559 /* Resources */ = {
			isa = PBXResourcesBuildPhase;
			buildActionMask = 2147483647;
			files = (
				8BD7AFB721857B4300826559 /* LaunchScreen.storyboard in Resources */,
				8BD7AFB421857B4300826559 /* Assets.xcassets in Resources */,
				8BD7AFB221857B4200826559 /* Main.storyboard in Resources */,
			);
			runOnlyForDeploymentPostprocessing = 0;
		};
/* End PBXResourcesBuildPhase section */

/* Begin PBXShellScriptBuildPhase section */
		500F12FC2E9B53037DCC980B /* [CP] Check Pods Manifest.lock */ = {
			isa = PBXShellScriptBuildPhase;
			buildActionMask = 2147483647;
			files = (
			);
			inputPaths = (
				"${PODS_PODFILE_DIR_PATH}/Podfile.lock",
				"${PODS_ROOT}/Manifest.lock",
			);
			name = "[CP] Check Pods Manifest.lock";
			outputPaths = (
				"$(DERIVED_FILE_DIR)/Pods-SPMasonryAutoCellHeight-checkManifestLockResult.txt",
			);
			runOnlyForDeploymentPostprocessing = 0;
			shellPath = /bin/sh;
			shellScript = "diff \"${PODS_PODFILE_DIR_PATH}/Podfile.lock\" \"${PODS_ROOT}/Manifest.lock\" > /dev/null\nif [ $? != 0 ] ; then\n    # print error to STDERR\n    echo \"error: The sandbox is not in sync with the Podfile.lock. Run 'pod install' or update your CocoaPods installation.\" >&2\n    exit 1\nfi\n# This output is used by Xcode 'outputs' to avoid re-running this script phase.\necho \"SUCCESS\" > \"${SCRIPT_OUTPUT_FILE_0}\"\n";
			showEnvVarsInLog = 0;
		};
/* End PBXShellScriptBuildPhase section */

/* Begin PBXSourcesBuildPhase section */
		8BD7AFA321857B4200826559 /* Sources */ = {
			isa = PBXSourcesBuildPhase;
			buildActionMask = 2147483647;
			files = (
				8BD7AFD221858F1C00826559 /* SPNewsCell.m in Sources */,
				8BD7AFAF21857B4200826559 /* ViewController.m in Sources */,
				8BD7AFCF21858EBE00826559 /* SPNewsModel.m in Sources */,
				8BD7AFBA21857B4300826559 /* main.m in Sources */,
				8BD7AFC321857BF900826559 /* UITableView+SPCacheHeight.m in Sources */,
				8BD7AFAC21857B4200826559 /* AppDelegate.m in Sources */,
				8BD7AFC62185820C00826559 /* UITableViewCell+SPMasonryAutoCellHeight.m in Sources */,
			);
			runOnlyForDeploymentPostprocessing = 0;
		};
/* End PBXSourcesBuildPhase section */

/* Begin PBXVariantGroup section */
		8BD7AFB021857B4200826559 /* Main.storyboard */ = {
			isa = PBXVariantGroup;
			children = (
				8BD7AFB121857B4200826559 /* Base */,
			);
			name = Main.storyboard;
			sourceTree = "<group>";
		};
		8BD7AFB521857B4300826559 /* LaunchScreen.storyboard */ = {
			isa = PBXVariantGroup;
			children = (
				8BD7AFB621857B4300826559 /* Base */,
			);
			name = LaunchScreen.storyboard;
			sourceTree = "<group>";
		};
/* End PBXVariantGroup section */

/* Begin XCBuildConfiguration section */
		8BD7AFBB21857B4300826559 /* Debug */ = {
			isa = XCBuildConfiguration;
			buildSettings = {
				ALWAYS_SEARCH_USER_PATHS = NO;
				CLANG_ANALYZER_NONNULL = YES;
				CLANG_ANALYZER_NUMBER_OBJECT_CONVERSION = YES_AGGRESSIVE;
				CLANG_CXX_LANGUAGE_STANDARD = "gnu++14";
				CLANG_CXX_LIBRARY = "libc++";
				CLANG_ENABLE_MODULES = YES;
				CLANG_ENABLE_OBJC_ARC = YES;
				CLANG_ENABLE_OBJC_WEAK = YES;
				CLANG_WARN_BLOCK_CAPTURE_AUTORELEASING = YES;
				CLANG_WARN_BOOL_CONVERSION = YES;
				CLANG_WARN_COMMA = YES;
				CLANG_WARN_CONSTANT_CONVERSION = YES;
				CLANG_WARN_DEPRECATED_OBJC_IMPLEMENTATIONS = YES;
				CLANG_WARN_DIRECT_OBJC_ISA_USAGE = YES_ERROR;
				CLANG_WARN_DOCUMENTATION_COMMENTS = YES;
				CLANG_WARN_EMPTY_BODY = YES;
				CLANG_WARN_ENUM_CONVERSION = YES;
				CLANG_WARN_INFINITE_RECURSION = YES;
				CLANG_WARN_INT_CONVERSION = YES;
				CLANG_WARN_NON_LITERAL_NULL_CONVERSION = YES;
				CLANG_WARN_OBJC_IMPLICIT_RETAIN_SELF = YES;
				CLANG_WARN_OBJC_LITERAL_CONVERSION = YES;
				CLANG_WARN_OBJC_ROOT_CLASS = YES_ERROR;
				CLANG_WARN_RANGE_LOOP_ANALYSIS = YES;
				CLANG_WARN_STRICT_PROTOTYPES = YES;
				CLANG_WARN_SUSPICIOUS_MOVE = YES;
				CLANG_WARN_UNGUARDED_AVAILABILITY = YES_AGGRESSIVE;
				CLANG_WARN_UNREACHABLE_CODE = YES;
				CLANG_WARN__DUPLICATE_METHOD_MATCH = YES;
				CODE_SIGN_IDENTITY = "iPhone Developer";
				COPY_PHASE_STRIP = NO;
				DEBUG_INFORMATION_FORMAT = dwarf;
				ENABLE_STRICT_OBJC_MSGSEND = YES;
				ENABLE_TESTABILITY = YES;
				GCC_C_LANGUAGE_STANDARD = gnu11;
				GCC_DYNAMIC_NO_PIC = NO;
				GCC_NO_COMMON_BLOCKS = YES;
				GCC_OPTIMIZATION_LEVEL = 0;
				GCC_PREPROCESSOR_DEFINITIONS = (
					"DEBUG=1",
					"$(inherited)",
				);
				GCC_WARN_64_TO_32_BIT_CONVERSION = YES;
				GCC_WARN_ABOUT_RETURN_TYPE = YES_ERROR;
				GCC_WARN_UNDECLARED_SELECTOR = YES;
				GCC_WARN_UNINITIALIZED_AUTOS = YES_AGGRESSIVE;
				GCC_WARN_UNUSED_FUNCTION = YES;
				GCC_WARN_UNUSED_VARIABLE = YES;
				IPHONEOS_DEPLOYMENT_TARGET = 12.0;
				MTL_ENABLE_DEBUG_INFO = INCLUDE_SOURCE;
				MTL_FAST_MATH = YES;
				ONLY_ACTIVE_ARCH = YES;
				SDKROOT = iphoneos;
			};
			name = Debug;
		};
		8BD7AFBC21857B4300826559 /* Release */ = {
			isa = XCBuildConfiguration;
			buildSettings = {
				ALWAYS_SEARCH_USER_PATHS = NO;
				CLANG_ANALYZER_NONNULL = YES;
				CLANG_ANALYZER_NUMBER_OBJECT_CONVERSION = YES_AGGRESSIVE;
				CLANG_CXX_LANGUAGE_STANDARD = "gnu++14";
				CLANG_CXX_LIBRARY = "libc++";
				CLANG_ENABLE_MODULES = YES;
				CLANG_ENABLE_OBJC_ARC = YES;
				CLANG_ENABLE_OBJC_WEAK = YES;
				CLANG_WARN_BLOCK_CAPTURE_AUTORELEASING = YES;
				CLANG_WARN_BOOL_CONVERSION = YES;
				CLANG_WARN_COMMA = YES;
				CLANG_WARN_CONSTANT_CONVERSION = YES;
				CLANG_WARN_DEPRECATED_OBJC_IMPLEMENTATIONS = YES;
				CLANG_WARN_DIRECT_OBJC_ISA_USAGE = YES_ERROR;
				CLANG_WARN_DOCUMENTATION_COMMENTS = YES;
				CLANG_WARN_EMPTY_BODY = YES;
				CLANG_WARN_ENUM_CONVERSION = YES;
				CLANG_WARN_INFINITE_RECURSION = YES;
				CLANG_WARN_INT_CONVERSION = YES;
				CLANG_WARN_NON_LITERAL_NULL_CONVERSION = YES;
				CLANG_WARN_OBJC_IMPLICIT_RETAIN_SELF = YES;
				CLANG_WARN_OBJC_LITERAL_CONVERSION = YES;
				CLANG_WARN_OBJC_ROOT_CLASS = YES_ERROR;
				CLANG_WARN_RANGE_LOOP_ANALYSIS = YES;
				CLANG_WARN_STRICT_PROTOTYPES = YES;
				CLANG_WARN_SUSPICIOUS_MOVE = YES;
				CLANG_WARN_UNGUARDED_AVAILABILITY = YES_AGGRESSIVE;
				CLANG_WARN_UNREACHABLE_CODE = YES;
				CLANG_WARN__DUPLICATE_METHOD_MATCH = YES;
				CODE_SIGN_IDENTITY = "iPhone Developer";
				COPY_PHASE_STRIP = NO;
				DEBUG_INFORMATION_FORMAT = "dwarf-with-dsym";
				ENABLE_NS_ASSERTIONS = NO;
				ENABLE_STRICT_OBJC_MSGSEND = YES;
				GCC_C_LANGUAGE_STANDARD = gnu11;
				GCC_NO_COMMON_BLOCKS = YES;
				GCC_WARN_64_TO_32_BIT_CONVERSION = YES;
				GCC_WARN_ABOUT_RETURN_TYPE = YES_ERROR;
				GCC_WARN_UNDECLARED_SELECTOR = YES;
				GCC_WARN_UNINITIALIZED_AUTOS = YES_AGGRESSIVE;
				GCC_WARN_UNUSED_FUNCTION = YES;
				GCC_WARN_UNUSED_VARIABLE = YES;
				IPHONEOS_DEPLOYMENT_TARGET = 12.0;
				MTL_ENABLE_DEBUG_INFO = NO;
				MTL_FAST_MATH = YES;
				SDKROOT = iphoneos;
				VALIDATE_PRODUCT = YES;
			};
			name = Release;
		};
		8BD7AFBE21857B4300826559 /* Debug */ = {
			isa = XCBuildConfiguration;
			baseConfigurationReference = D8F697F7D1AC4CB57CD14CAD /* Pods-SPMasonryAutoCellHeight.debug.xcconfig */;
			buildSettings = {
				ASSETCATALOG_COMPILER_APPICON_NAME = AppIcon;
				CODE_SIGN_STYLE = Automatic;
				DEVELOPMENT_TEAM = QDYAMMY843;
				INFOPLIST_FILE = SPMasonryAutoCellHeight/Info.plist;
				LD_RUNPATH_SEARCH_PATHS = (
					"$(inherited)",
					"@executable_path/Frameworks",
				);
				PRODUCT_BUNDLE_IDENTIFIER = com.hrz.SPMasonryAutoCellHeight;
				PRODUCT_NAME = "$(TARGET_NAME)";
				TARGETED_DEVICE_FAMILY = "1,2";
			};
			name = Debug;
		};
		8BD7AFBF21857B4300826559 /* Release */ = {
			isa = XCBuildConfiguration;
			baseConfigurationReference = E19B29D3AA70F3AADC7F5206 /* Pods-SPMasonryAutoCellHeight.release.xcconfig */;
			buildSettings = {
				ASSETCATALOG_COMPILER_APPICON_NAME = AppIcon;
				CODE_SIGN_STYLE = Automatic;
				DEVELOPMENT_TEAM = QDYAMMY843;
				INFOPLIST_FILE = SPMasonryAutoCellHeight/Info.plist;
				LD_RUNPATH_SEARCH_PATHS = (
					"$(inherited)",
					"@executable_path/Frameworks",
				);
				PRODUCT_BUNDLE_IDENTIFIER = com.hrz.SPMasonryAutoCellHeight;
				PRODUCT_NAME = "$(TARGET_NAME)";
				TARGETED_DEVICE_FAMILY = "1,2";
			};
			name = Release;
		};
/* End XCBuildConfiguration section */

/* Begin XCConfigurationList section */
		8BD7AFA221857B4200826559 /* Build configuration list for PBXProject "SPMasonryAutoCellHeight" */ = {
			isa = XCConfigurationList;
			buildConfigurations = (
				8BD7AFBB21857B4300826559 /* Debug */,
				8BD7AFBC21857B4300826559 /* Release */,
			);
			defaultConfigurationIsVisible = 0;
			defaultConfigurationName = Release;
		};
		8BD7AFBD21857B4300826559 /* Build configuration list for PBXNativeTarget "SPMasonryAutoCellHeight" */ = {
			isa = XCConfigurationList;
			buildConfigurations = (
				8BD7AFBE21857B4300826559 /* Debug */,
				8BD7AFBF21857B4300826559 /* Release */,
			);
			defaultConfigurationIsVisible = 0;
			defaultConfigurationName = Release;
		};
/* End XCConfigurationList section */
	};
	rootObject = 8BD7AF9F21857B4200826559 /* Project object */;
}
